
Microsoft Visual Studio Solution File, Format Version 11.00
# Visual Studio 2010
Project("{FAE04EC0-301F-11D3-BF4B-00C04F79EFBC}") = "Silhouette", "Silhouette\Silhouette\Silhouette.csproj", "{53441F99-706C-4CEE-9F5F-B6CD89AA417C}"
EndProject
Project("{FAE04EC0-301F-11D3-BF4B-00C04F79EFBC}") = "SilhouetteContent", "Silhouette\SilhouetteContent\SilhouetteContent.contentproj", "{9647EACC-4896-4CE3-A080-EE41E77CAF2C}"
EndProject
Project("{FAE04EC0-301F-11D3-BF4B-00C04F79EFBC}") = "FarseerPhysicsEngine", "FarseerPhysicsEngine\FarseerPhysicsEngine.csproj", "{9C431338-63F2-49BA-9A3B-6BEBEC330FFA}"
EndProject
Project("{F088123C-0E9E-452A-89E6-6BA2F21D5CAC}") = "SilhouetteUML", "SilhouetteUML\SilhouetteUML.modelproj", "{99FDE882-6ED4-4663-9C2B-676DDF450D9F}"
EndProject
Project("{FAE04EC0-301F-11D3-BF4B-00C04F79EFBC}") = "SilhouetteEditor", "SilhouetteEditor\SilhouetteEditor\SilhouetteEditor.csproj", "{BA75E713-1B46-40DA-A576-4CFECE4099B7}"
EndProject
Project("{96E2B04D-8817-42C6-938A-82C39BA4D311}") = "SilhouetteEditorContent", "SilhouetteEditor\SilhouetteEditorContent\SilhouetteEditorContent.contentproj", "{60B84928-9064-4F0A-B050-3BE061C6613F}"
EndProject
Global
	GlobalSection(SubversionScc) = preSolution
		Svn-Managed = True
		Manager = AnkhSVN - Subversion Support for Visual Studio
	EndGlobalSection
	GlobalSection(SolutionConfigurationPlatforms) = preSolution
		Debug|Any CPU = Debug|Any CPU
		Debug|Mixed Platforms = Debug|Mixed Platforms
		Debug|x86 = Debug|x86
		Debug|Xbox 360 = Debug|Xbox 360
		Release|Any CPU = Release|Any CPU
		Release|Mixed Platforms = Release|Mixed Platforms
		Release|x86 = Release|x86
		Release|Xbox 360 = Release|Xbox 360
	EndGlobalSection
	GlobalSection(ProjectConfigurationPlatforms) = postSolution
		{53441F99-706C-4CEE-9F5F-B6CD89AA417C}.Debug|Any CPU.ActiveCfg = Debug|x86
		{53441F99-706C-4CEE-9F5F-B6CD89AA417C}.Debug|Mixed Platforms.ActiveCfg = Debug|x86
		{53441F99-706C-4CEE-9F5F-B6CD89AA417C}.Debug|Mixed Platforms.Build.0 = Debug|x86
		{53441F99-706C-4CEE-9F5F-B6CD89AA417C}.Debug|x86.ActiveCfg = Debug|x86
		{53441F99-706C-4CEE-9F5F-B6CD89AA417C}.Debug|x86.Build.0 = Debug|x86
		{53441F99-706C-4CEE-9F5F-B6CD89AA417C}.Debug|Xbox 360.ActiveCfg = Debug|x86
		{53441F99-706C-4CEE-9F5F-B6CD89AA417C}.Debug|Xbox 360.Build.0 = Debug|x86
		{53441F99-706C-4CEE-9F5F-B6CD89AA417C}.Release|Any CPU.ActiveCfg = Release|x86
		{53441F99-706C-4CEE-9F5F-B6CD89AA417C}.Release|Mixed Platforms.ActiveCfg = Release|x86
		{53441F99-706C-4CEE-9F5F-B6CD89AA417C}.Release|Mixed Platforms.Build.0 = Release|x86
		{53441F99-706C-4CEE-9F5F-B6CD89AA417C}.Release|x86.ActiveCfg = Release|x86
		{53441F99-706C-4CEE-9F5F-B6CD89AA417C}.Release|x86.Build.0 = Release|x86
		{53441F99-706C-4CEE-9F5F-B6CD89AA417C}.Release|Xbox 360.ActiveCfg = Release|x86
		{53441F99-706C-4CEE-9F5F-B6CD89AA417C}.Release|Xbox 360.Build.0 = Release|x86
		{9647EACC-4896-4CE3-A080-EE41E77CAF2C}.Debug|Any CPU.ActiveCfg = Debug|x86
		{9647EACC-4896-4CE3-A080-EE41E77CAF2C}.Debug|Mixed Platforms.ActiveCfg = Debug|x86
		{9647EACC-4896-4CE3-A080-EE41E77CAF2C}.Debug|x86.ActiveCfg = Debug|x86
		{9647EACC-4896-4CE3-A080-EE41E77CAF2C}.Debug|Xbox 360.ActiveCfg = Debug|x86
		{9647EACC-4896-4CE3-A080-EE41E77CAF2C}.Release|Any CPU.ActiveCfg = Release|x86
		{9647EACC-4896-4CE3-A080-EE41E77CAF2C}.Release|Mixed Platforms.ActiveCfg = Release|x86
		{9647EACC-4896-4CE3-A080-EE41E77CAF2C}.Release|x86.ActiveCfg = Release|x86
		{9647EACC-4896-4CE3-A080-EE41E77CAF2C}.Release|Xbox 360.ActiveCfg = Release|x86
		{9C431338-63F2-49BA-9A3B-6BEBEC330FFA}.Debug|Any CPU.ActiveCfg = Debug|x86
		{9C431338-63F2-49BA-9A3B-6BEBEC330FFA}.Debug|Mixed Platforms.ActiveCfg = Debug|x86
		{9C431338-63F2-49BA-9A3B-6BEBEC330FFA}.Debug|Mixed Platforms.Build.0 = Debug|x86
		{9C431338-63F2-49BA-9A3B-6BEBEC330FFA}.Debug|x86.ActiveCfg = Debug|x86
		{9C431338-63F2-49BA-9A3B-6BEBEC330FFA}.Debug|x86.Build.0 = Debug|x86
		{9C431338-63F2-49BA-9A3B-6BEBEC330FFA}.Debug|Xbox 360.ActiveCfg = Debug|x86
		{9C431338-63F2-49BA-9A3B-6BEBEC330FFA}.Release|Any CPU.ActiveCfg = Release|x86
		{9C431338-63F2-49BA-9A3B-6BEBEC330FFA}.Release|Mixed Platforms.ActiveCfg = Release|x86
		{9C431338-63F2-49BA-9A3B-6BEBEC330FFA}.Release|Mixed Platforms.Build.0 = Release|x86
		{9C431338-63F2-49BA-9A3B-6BEBEC330FFA}.Release|x86.ActiveCfg = Release|x86
		{9C431338-63F2-49BA-9A3B-6BEBEC330FFA}.Release|x86.Build.0 = Release|x86
		{9C431338-63F2-49BA-9A3B-6BEBEC330FFA}.Release|Xbox 360.ActiveCfg = Release|x86
		{99FDE882-6ED4-4663-9C2B-676DDF450D9F}.Debug|Any CPU.ActiveCfg = Debug|Any CPU
		{99FDE882-6ED4-4663-9C2B-676DDF450D9F}.Debug|Any CPU.Build.0 = Debug|Any CPU
		{99FDE882-6ED4-4663-9C2B-676DDF450D9F}.Debug|Mixed Platforms.ActiveCfg = Debug|Any CPU
		{99FDE882-6ED4-4663-9C2B-676DDF450D9F}.Debug|Mixed Platforms.Build.0 = Debug|Any CPU
		{99FDE882-6ED4-4663-9C2B-676DDF450D9F}.Debug|x86.ActiveCfg = Debug|Any CPU
		{99FDE882-6ED4-4663-9C2B-676DDF450D9F}.Debug|Xbox 360.ActiveCfg = Debug|Any CPU
		{99FDE882-6ED4-4663-9C2B-676DDF450D9F}.Release|Any CPU.ActiveCfg = Release|Any CPU
		{99FDE882-6ED4-4663-9C2B-676DDF450D9F}.Release|Any CPU.Build.0 = Release|Any CPU
		{99FDE882-6ED4-4663-9C2B-676DDF450D9F}.Release|Mixed Platforms.ActiveCfg = Release|Any CPU
		{99FDE882-6ED4-4663-9C2B-676DDF450D9F}.Release|Mixed Platforms.Build.0 = Release|Any CPU
		{99FDE882-6ED4-4663-9C2B-676DDF450D9F}.Release|x86.ActiveCfg = Release|Any CPU
		{99FDE882-6ED4-4663-9C2B-676DDF450D9F}.Release|Xbox 360.ActiveCfg = Release|Any CPU
		{BA75E713-1B46-40DA-A576-4CFECE4099B7}.Debug|Any CPU.ActiveCfg = Debug|x86
		{BA75E713-1B46-40DA-A576-4CFECE4099B7}.Debug|Mixed Platforms.ActiveCfg = Debug|x86
		{BA75E713-1B46-40DA-A576-4CFECE4099B7}.Debug|Mixed Platforms.Build.0 = Debug|x86
		{BA75E713-1B46-40DA-A576-4CFECE4099B7}.Debug|x86.ActiveCfg = Debug|x86
		{BA75E713-1B46-40DA-A576-4CFECE4099B7}.Debug|x86.Build.0 = Debug|x86
		{BA75E713-1B46-40DA-A576-4CFECE4099B7}.Debug|Xbox 360.ActiveCfg = Debug|x86
		{BA75E713-1B46-40DA-A576-4CFECE4099B7}.Release|Any CPU.ActiveCfg = Release|x86
		{BA75E713-1B46-40DA-A576-4CFECE4099B7}.Release|Mixed Platforms.ActiveCfg = Release|x86
		{BA75E713-1B46-40DA-A576-4CFECE4099B7}.Release|Mixed Platforms.Build.0 = Release|x86
		{BA75E713-1B46-40DA-A576-4CFECE4099B7}.Release|x86.ActiveCfg = Release|x86
		{BA75E713-1B46-40DA-A576-4CFECE4099B7}.Release|x86.Build.0 = Release|x86
		{BA75E713-1B46-40DA-A576-4CFECE4099B7}.Release|Xbox 360.ActiveCfg = Release|x86
		{60B84928-9064-4F0A-B050-3BE061C6613F}.Debug|Any CPU.ActiveCfg = Debug|x86
		{60B84928-9064-4F0A-B050-3BE061C6613F}.Debug|Mixed Platforms.ActiveCfg = Debug|x86
		{60B84928-9064-4F0A-B050-3BE061C6613F}.Debug|x86.ActiveCfg = Debug|x86
		{60B84928-9064-4F0A-B050-3BE061C6613F}.Debug|Xbox 360.ActiveCfg = Debug|x86
		{60B84928-9064-4F0A-B050-3BE061C6613F}.Release|Any CPU.ActiveCfg = Release|x86
		{60B84928-9064-4F0A-B050-3BE061C6613F}.Release|Mixed Platforms.ActiveCfg = Release|x86
		{60B84928-9064-4F0A-B050-3BE061C6613F}.Release|x86.ActiveCfg = Release|x86
		{60B84928-9064-4F0A-B050-3BE061C6613F}.Release|Xbox 360.ActiveCfg = Release|x86
	EndGlobalSection
	GlobalSection(SolutionProperties) = preSolution
		HideSolutionNode = FALSE
	EndGlobalSection
EndGlobal
